
Microsoft Visual Studio Solution File, Format Version 12.00
# Visual Studio 15
VisualStudioVersion = 15.0.28010.2019
MinimumVisualStudioVersion = 10.0.40219.1
Project("{FAE04EC0-301F-11D3-BF4B-00C04F79EFBC}") = "LanguageStudyingWebApps", "LanguageStudyingWebApps\LanguageStudyingWebApps.csproj", "{FC05800C-490F-43BE-8457-85D12A7DD6DD}"
EndProject
Project("{2150E333-8FDC-42A3-9474-1A3956D46DE8}") = "Languages", "Languages", "{60EAD7CD-C1FC-4BDA-89F5-8AE6B2CE782F}"
EndProject
Project("{FAE04EC0-301F-11D3-BF4B-00C04F79EFBC}") = "Languages.Business", "Languages.Business\Languages.Business.csproj", "{7FE02934-EE51-43FB-8FE1-06D8CB961DE1}"
EndProject
Project("{FAE04EC0-301F-11D3-BF4B-00C04F79EFBC}") = "Languages.Business.Entity", "Languages.Business.Entity\Languages.Business.Entity.csproj", "{BF6CCD7A-A75F-476D-BCD6-71101B68F9D3}"
EndProject
Project("{FAE04EC0-301F-11D3-BF4B-00C04F79EFBC}") = "Languages.Common", "Languages.Common\Languages.Common.csproj", "{AE43FE47-7E9B-4C09-BBBD-E6BF42018C83}"
EndProject
Project("{FAE04EC0-301F-11D3-BF4B-00C04F79EFBC}") = "Languages.Data.Entity", "Languages.Data.Entity\Languages.Data.Entity.csproj", "{0E5A2FE9-8697-422A-A772-E9BE9416740B}"
EndProject
Project("{FAE04EC0-301F-11D3-BF4B-00C04F79EFBC}") = "Languages.Data.Query", "Languages.Data.Query\Languages.Data.Query.csproj", "{BFA8A374-765C-461D-883A-C9A0A9FBEBE3}"
EndProject
Project("{FAE04EC0-301F-11D3-BF4B-00C04F79EFBC}") = "Languages.DataLayer", "Languages.DataLayer\Languages.DataLayer.csproj", "{973C00C5-1596-46CA-B328-B39F9797760B}"
EndProject
Project("{FAE04EC0-301F-11D3-BF4B-00C04F79EFBC}") = "Languages.Data.Common", "Languages.Data.Common\Languages.Data.Common.csproj", "{93A084CA-121F-41DD-A9C5-2F39F6CD0AB8}"
EndProject
Global
	GlobalSection(SolutionConfigurationPlatforms) = preSolution
		Debug|Any CPU = Debug|Any CPU
		Debug|ARM = Debug|ARM
		Debug|x64 = Debug|x64
		Debug|x86 = Debug|x86
		Release|Any CPU = Release|Any CPU
		Release|ARM = Release|ARM
		Release|x64 = Release|x64
		Release|x86 = Release|x86
	EndGlobalSection
	GlobalSection(ProjectConfigurationPlatforms) = postSolution
		{FC05800C-490F-43BE-8457-85D12A7DD6DD}.Debug|Any CPU.ActiveCfg = Debug|Any CPU
		{FC05800C-490F-43BE-8457-85D12A7DD6DD}.Debug|Any CPU.Build.0 = Debug|Any CPU
		{FC05800C-490F-43BE-8457-85D12A7DD6DD}.Debug|ARM.ActiveCfg = Debug|Any CPU
		{FC05800C-490F-43BE-8457-85D12A7DD6DD}.Debug|ARM.Build.0 = Debug|Any CPU
		{FC05800C-490F-43BE-8457-85D12A7DD6DD}.Debug|x64.ActiveCfg = Debug|Any CPU
		{FC05800C-490F-43BE-8457-85D12A7DD6DD}.Debug|x64.Build.0 = Debug|Any CPU
		{FC05800C-490F-43BE-8457-85D12A7DD6DD}.Debug|x86.ActiveCfg = Debug|Any CPU
		{FC05800C-490F-43BE-8457-85D12A7DD6DD}.Debug|x86.Build.0 = Debug|Any CPU
		{FC05800C-490F-43BE-8457-85D12A7DD6DD}.Release|Any CPU.ActiveCfg = Release|Any CPU
		{FC05800C-490F-43BE-8457-85D12A7DD6DD}.Release|Any CPU.Build.0 = Release|Any CPU
		{FC05800C-490F-43BE-8457-85D12A7DD6DD}.Release|ARM.ActiveCfg = Release|Any CPU
		{FC05800C-490F-43BE-8457-85D12A7DD6DD}.Release|ARM.Build.0 = Release|Any CPU
		{FC05800C-490F-43BE-8457-85D12A7DD6DD}.Release|x64.ActiveCfg = Release|Any CPU
		{FC05800C-490F-43BE-8457-85D12A7DD6DD}.Release|x64.Build.0 = Release|Any CPU
		{FC05800C-490F-43BE-8457-85D12A7DD6DD}.Release|x86.ActiveCfg = Release|Any CPU
		{FC05800C-490F-43BE-8457-85D12A7DD6DD}.Release|x86.Build.0 = Release|Any CPU
		{7FE02934-EE51-43FB-8FE1-06D8CB961DE1}.Debug|Any CPU.ActiveCfg = Debug|Any CPU
		{7FE02934-EE51-43FB-8FE1-06D8CB961DE1}.Debug|Any CPU.Build.0 = Debug|Any CPU
		{7FE02934-EE51-43FB-8FE1-06D8CB961DE1}.Debug|ARM.ActiveCfg = Debug|Any CPU
		{7FE02934-EE51-43FB-8FE1-06D8CB961DE1}.Debug|ARM.Build.0 = Debug|Any CPU
		{7FE02934-EE51-43FB-8FE1-06D8CB961DE1}.Debug|x64.ActiveCfg = Debug|Any CPU
		{7FE02934-EE51-43FB-8FE1-06D8CB961DE1}.Debug|x64.Build.0 = Debug|Any CPU
		{7FE02934-EE51-43FB-8FE1-06D8CB961DE1}.Debug|x86.ActiveCfg = Debug|Any CPU
		{7FE02934-EE51-43FB-8FE1-06D8CB961DE1}.Debug|x86.Build.0 = Debug|Any CPU
		{7FE02934-EE51-43FB-8FE1-06D8CB961DE1}.Release|Any CPU.ActiveCfg = Release|Any CPU
		{7FE02934-EE51-43FB-8FE1-06D8CB961DE1}.Release|Any CPU.Build.0 = Release|Any CPU
		{7FE02934-EE51-43FB-8FE1-06D8CB961DE1}.Release|ARM.ActiveCfg = Release|Any CPU
		{7FE02934-EE51-43FB-8FE1-06D8CB961DE1}.Release|ARM.Build.0 = Release|Any CPU
		{7FE02934-EE51-43FB-8FE1-06D8CB961DE1}.Release|x64.ActiveCfg = Release|Any CPU
		{7FE02934-EE51-43FB-8FE1-06D8CB961DE1}.Release|x64.Build.0 = Release|Any CPU
		{7FE02934-EE51-43FB-8FE1-06D8CB961DE1}.Release|x86.ActiveCfg = Release|Any CPU
		{7FE02934-EE51-43FB-8FE1-06D8CB961DE1}.Release|x86.Build.0 = Release|Any CPU
		{BF6CCD7A-A75F-476D-BCD6-71101B68F9D3}.Debug|Any CPU.ActiveCfg = Debug|Any CPU
		{BF6CCD7A-A75F-476D-BCD6-71101B68F9D3}.Debug|Any CPU.Build.0 = Debug|Any CPU
		{BF6CCD7A-A75F-476D-BCD6-71101B68F9D3}.Debug|ARM.ActiveCfg = Debug|Any CPU
		{BF6CCD7A-A75F-476D-BCD6-71101B68F9D3}.Debug|ARM.Build.0 = Debug|Any CPU
		{BF6CCD7A-A75F-476D-BCD6-71101B68F9D3}.Debug|x64.ActiveCfg = Debug|Any CPU
		{BF6CCD7A-A75F-476D-BCD6-71101B68F9D3}.Debug|x64.Build.0 = Debug|Any CPU
		{BF6CCD7A-A75F-476D-BCD6-71101B68F9D3}.Debug|x86.ActiveCfg = Debug|Any CPU
		{BF6CCD7A-A75F-476D-BCD6-71101B68F9D3}.Debug|x86.Build.0 = Debug|Any CPU
		{BF6CCD7A-A75F-476D-BCD6-71101B68F9D3}.Release|Any CPU.ActiveCfg = Release|Any CPU
		{BF6CCD7A-A75F-476D-BCD6-71101B68F9D3}.Release|Any CPU.Build.0 = Release|Any CPU
		{BF6CCD7A-A75F-476D-BCD6-71101B68F9D3}.Release|ARM.ActiveCfg = Release|Any CPU
		{BF6CCD7A-A75F-476D-BCD6-71101B68F9D3}.Release|ARM.Build.0 = Release|Any CPU
		{BF6CCD7A-A75F-476D-BCD6-71101B68F9D3}.Release|x64.ActiveCfg = Release|Any CPU
		{BF6CCD7A-A75F-476D-BCD6-71101B68F9D3}.Release|x64.Build.0 = Release|Any CPU
		{BF6CCD7A-A75F-476D-BCD6-71101B68F9D3}.Release|x86.ActiveCfg = Release|Any CPU
		{BF6CCD7A-A75F-476D-BCD6-71101B68F9D3}.Release|x86.Build.0 = Release|Any CPU
		{AE43FE47-7E9B-4C09-BBBD-E6BF42018C83}.Debug|Any CPU.ActiveCfg = Debug|Any CPU
		{AE43FE47-7E9B-4C09-BBBD-E6BF42018C83}.Debug|Any CPU.Build.0 = Debug|Any CPU
		{AE43FE47-7E9B-4C09-BBBD-E6BF42018C83}.Debug|ARM.ActiveCfg = Debug|Any CPU
		{AE43FE47-7E9B-4C09-BBBD-E6BF42018C83}.Debug|ARM.Build.0 = Debug|Any CPU
		{AE43FE47-7E9B-4C09-BBBD-E6BF42018C83}.Debug|x64.ActiveCfg = Debug|Any CPU
		{AE43FE47-7E9B-4C09-BBBD-E6BF42018C83}.Debug|x64.Build.0 = Debug|Any CPU
		{AE43FE47-7E9B-4C09-BBBD-E6BF42018C83}.Debug|x86.ActiveCfg = Debug|Any CPU
		{AE43FE47-7E9B-4C09-BBBD-E6BF42018C83}.Debug|x86.Build.0 = Debug|Any CPU
		{AE43FE47-7E9B-4C09-BBBD-E6BF42018C83}.Release|Any CPU.ActiveCfg = Release|Any CPU
		{AE43FE47-7E9B-4C09-BBBD-E6BF42018C83}.Release|Any CPU.Build.0 = Release|Any CPU
		{AE43FE47-7E9B-4C09-BBBD-E6BF42018C83}.Release|ARM.ActiveCfg = Release|Any CPU
		{AE43FE47-7E9B-4C09-BBBD-E6BF42018C83}.Release|ARM.Build.0 = Release|Any CPU
		{AE43FE47-7E9B-4C09-BBBD-E6BF42018C83}.Release|x64.ActiveCfg = Release|Any CPU
		{AE43FE47-7E9B-4C09-BBBD-E6BF42018C83}.Release|x64.Build.0 = Release|Any CPU
		{AE43FE47-7E9B-4C09-BBBD-E6BF42018C83}.Release|x86.ActiveCfg = Release|Any CPU
		{AE43FE47-7E9B-4C09-BBBD-E6BF42018C83}.Release|x86.Build.0 = Release|Any CPU
		{0E5A2FE9-8697-422A-A772-E9BE9416740B}.Debug|Any CPU.ActiveCfg = Debug|Any CPU
		{0E5A2FE9-8697-422A-A772-E9BE9416740B}.Debug|Any CPU.Build.0 = Debug|Any CPU
		{0E5A2FE9-8697-422A-A772-E9BE9416740B}.Debug|ARM.ActiveCfg = Debug|Any CPU
		{0E5A2FE9-8697-422A-A772-E9BE9416740B}.Debug|ARM.Build.0 = Debug|Any CPU
		{0E5A2FE9-8697-422A-A772-E9BE9416740B}.Debug|x64.ActiveCfg = Debug|Any CPU
		{0E5A2FE9-8697-422A-A772-E9BE9416740B}.Debug|x64.Build.0 = Debug|Any CPU
		{0E5A2FE9-8697-422A-A772-E9BE9416740B}.Debug|x86.ActiveCfg = Debug|Any CPU
		{0E5A2FE9-8697-422A-A772-E9BE9416740B}.Debug|x86.Build.0 = Debug|Any CPU
		{0E5A2FE9-8697-422A-A772-E9BE9416740B}.Release|Any CPU.ActiveCfg = Release|Any CPU
		{0E5A2FE9-8697-422A-A772-E9BE9416740B}.Release|Any CPU.Build.0 = Release|Any CPU
		{0E5A2FE9-8697-422A-A772-E9BE9416740B}.Release|ARM.ActiveCfg = Release|Any CPU
		{0E5A2FE9-8697-422A-A772-E9BE9416740B}.Release|ARM.Build.0 = Release|Any CPU
		{0E5A2FE9-8697-422A-A772-E9BE9416740B}.Release|x64.ActiveCfg = Release|Any CPU
		{0E5A2FE9-8697-422A-A772-E9BE9416740B}.Release|x64.Build.0 = Release|Any CPU
		{0E5A2FE9-8697-422A-A772-E9BE9416740B}.Release|x86.ActiveCfg = Release|Any CPU
		{0E5A2FE9-8697-422A-A772-E9BE9416740B}.Release|x86.Build.0 = Release|Any CPU
		{BFA8A374-765C-461D-883A-C9A0A9FBEBE3}.Debug|Any CPU.ActiveCfg = Debug|Any CPU
		{BFA8A374-765C-461D-883A-C9A0A9FBEBE3}.Debug|Any CPU.Build.0 = Debug|Any CPU
		{BFA8A374-765C-461D-883A-C9A0A9FBEBE3}.Debug|ARM.ActiveCfg = Debug|Any CPU
		{BFA8A374-765C-461D-883A-C9A0A9FBEBE3}.Debug|ARM.Build.0 = Debug|Any CPU
		{BFA8A374-765C-461D-883A-C9A0A9FBEBE3}.Debug|x64.ActiveCfg = Debug|Any CPU
		{BFA8A374-765C-461D-883A-C9A0A9FBEBE3}.Debug|x64.Build.0 = Debug|Any CPU
		{BFA8A374-765C-461D-883A-C9A0A9FBEBE3}.Debug|x86.ActiveCfg = Debug|Any CPU
		{BFA8A374-765C-461D-883A-C9A0A9FBEBE3}.Debug|x86.Build.0 = Debug|Any CPU
		{BFA8A374-765C-461D-883A-C9A0A9FBEBE3}.Release|Any CPU.ActiveCfg = Release|Any CPU
		{BFA8A374-765C-461D-883A-C9A0A9FBEBE3}.Release|Any CPU.Build.0 = Release|Any CPU
		{BFA8A374-765C-461D-883A-C9A0A9FBEBE3}.Release|ARM.ActiveCfg = Release|Any CPU
		{BFA8A374-765C-461D-883A-C9A0A9FBEBE3}.Release|ARM.Build.0 = Release|Any CPU
		{BFA8A374-765C-461D-883A-C9A0A9FBEBE3}.Release|x64.ActiveCfg = Release|Any CPU
		{BFA8A374-765C-461D-883A-C9A0A9FBEBE3}.Release|x64.Build.0 = Release|Any CPU
		{BFA8A374-765C-461D-883A-C9A0A9FBEBE3}.Release|x86.ActiveCfg = Release|Any CPU
		{BFA8A374-765C-461D-883A-C9A0A9FBEBE3}.Release|x86.Build.0 = Release|Any CPU
		{973C00C5-1596-46CA-B328-B39F9797760B}.Debug|Any CPU.ActiveCfg = Debug|Any CPU
		{973C00C5-1596-46CA-B328-B39F9797760B}.Debug|Any CPU.Build.0 = Debug|Any CPU
		{973C00C5-1596-46CA-B328-B39F9797760B}.Debug|ARM.ActiveCfg = Debug|Any CPU
		{973C00C5-1596-46CA-B328-B39F9797760B}.Debug|ARM.Build.0 = Debug|Any CPU
		{973C00C5-1596-46CA-B328-B39F9797760B}.Debug|x64.ActiveCfg = Debug|Any CPU
		{973C00C5-1596-46CA-B328-B39F9797760B}.Debug|x64.Build.0 = Debug|Any CPU
		{973C00C5-1596-46CA-B328-B39F9797760B}.Debug|x86.ActiveCfg = Debug|Any CPU
		{973C00C5-1596-46CA-B328-B39F9797760B}.Debug|x86.Build.0 = Debug|Any CPU
		{973C00C5-1596-46CA-B328-B39F9797760B}.Release|Any CPU.ActiveCfg = Release|Any CPU
		{973C00C5-1596-46CA-B328-B39F9797760B}.Release|Any CPU.Build.0 = Release|Any CPU
		{973C00C5-1596-46CA-B328-B39F9797760B}.Release|ARM.ActiveCfg = Release|Any CPU
		{973C00C5-1596-46CA-B328-B39F9797760B}.Release|ARM.Build.0 = Release|Any CPU
		{973C00C5-1596-46CA-B328-B39F9797760B}.Release|x64.ActiveCfg = Release|Any CPU
		{973C00C5-1596-46CA-B328-B39F9797760B}.Release|x64.Build.0 = Release|Any CPU
		{973C00C5-1596-46CA-B328-B39F9797760B}.Release|x86.ActiveCfg = Release|Any CPU
		{973C00C5-1596-46CA-B328-B39F9797760B}.Release|x86.Build.0 = Release|Any CPU
		{93A084CA-121F-41DD-A9C5-2F39F6CD0AB8}.Debug|Any CPU.ActiveCfg = Debug|Any CPU
		{93A084CA-121F-41DD-A9C5-2F39F6CD0AB8}.Debug|Any CPU.Build.0 = Debug|Any CPU
		{93A084CA-121F-41DD-A9C5-2F39F6CD0AB8}.Debug|ARM.ActiveCfg = Debug|Any CPU
		{93A084CA-121F-41DD-A9C5-2F39F6CD0AB8}.Debug|ARM.Build.0 = Debug|Any CPU
		{93A084CA-121F-41DD-A9C5-2F39F6CD0AB8}.Debug|x64.ActiveCfg = Debug|Any CPU
		{93A084CA-121F-41DD-A9C5-2F39F6CD0AB8}.Debug|x64.Build.0 = Debug|Any CPU
		{93A084CA-121F-41DD-A9C5-2F39F6CD0AB8}.Debug|x86.ActiveCfg = Debug|Any CPU
		{93A084CA-121F-41DD-A9C5-2F39F6CD0AB8}.Debug|x86.Build.0 = Debug|Any CPU
		{93A084CA-121F-41DD-A9C5-2F39F6CD0AB8}.Release|Any CPU.ActiveCfg = Release|Any CPU
		{93A084CA-121F-41DD-A9C5-2F39F6CD0AB8}.Release|Any CPU.Build.0 = Release|Any CPU
		{93A084CA-121F-41DD-A9C5-2F39F6CD0AB8}.Release|ARM.ActiveCfg = Release|Any CPU
		{93A084CA-121F-41DD-A9C5-2F39F6CD0AB8}.Release|ARM.Build.0 = Release|Any CPU
		{93A084CA-121F-41DD-A9C5-2F39F6CD0AB8}.Release|x64.ActiveCfg = Release|Any CPU
		{93A084CA-121F-41DD-A9C5-2F39F6CD0AB8}.Release|x64.Build.0 = Release|Any CPU
		{93A084CA-121F-41DD-A9C5-2F39F6CD0AB8}.Release|x86.ActiveCfg = Release|Any CPU
		{93A084CA-121F-41DD-A9C5-2F39F6CD0AB8}.Release|x86.Build.0 = Release|Any CPU
	EndGlobalSection
	GlobalSection(SolutionProperties) = preSolution
		HideSolutionNode = FALSE
	EndGlobalSection
	GlobalSection(NestedProjects) = preSolution
		{7FE02934-EE51-43FB-8FE1-06D8CB961DE1} = {60EAD7CD-C1FC-4BDA-89F5-8AE6B2CE782F}
		{BF6CCD7A-A75F-476D-BCD6-71101B68F9D3} = {60EAD7CD-C1FC-4BDA-89F5-8AE6B2CE782F}
		{AE43FE47-7E9B-4C09-BBBD-E6BF42018C83} = {60EAD7CD-C1FC-4BDA-89F5-8AE6B2CE782F}
		{0E5A2FE9-8697-422A-A772-E9BE9416740B} = {60EAD7CD-C1FC-4BDA-89F5-8AE6B2CE782F}
		{BFA8A374-765C-461D-883A-C9A0A9FBEBE3} = {60EAD7CD-C1FC-4BDA-89F5-8AE6B2CE782F}
		{973C00C5-1596-46CA-B328-B39F9797760B} = {60EAD7CD-C1FC-4BDA-89F5-8AE6B2CE782F}
		{93A084CA-121F-41DD-A9C5-2F39F6CD0AB8} = {60EAD7CD-C1FC-4BDA-89F5-8AE6B2CE782F}
	EndGlobalSection
	GlobalSection(ExtensibilityGlobals) = postSolution
		SolutionGuid = {D720AACE-155F-426E-98F8-93BE8AC73F9E}
	EndGlobalSection
EndGlobal
